SITE
  remote: http://community.opscode.com/api/v1
  specs:
    apache2 (1.8.14)
    application (4.1.4)
    application_ruby (3.0.2)
      apache2 (>= 0.0.0)
      application (~> 4.0)
      logrotate (~> 1.0)
      passenger_apache2 (>= 0.0.0)
      runit (~> 1.0)
      unicorn (>= 0.0.0)
    apt (2.3.4)
    aws (1.0.0)
    bluepill (2.3.1)
      rsyslog (>= 0.0.0)
    build-essential (1.4.2)
    chef_handler (1.1.4)
    database (1.6.0)
      aws (>= 0.0.0)
      mysql (>= 1.3.0)
      postgresql (>= 1.0.0)
      xfs (>= 0.0.0)
    dmg (2.1.2)
    git (2.9.0)
      build-essential (>= 0.0.0)
      dmg (>= 0.0.0)
      runit (>= 1.0.0)
      windows (>= 0.0.0)
      yum (~> 3.0)
      yum-epel (>= 0.0.0)
    homebrew (1.5.4)
    homesick (0.4.0)
      git (>= 0.0.0)
    java (1.19.0)
    logrotate (1.4.0)
    mysql (4.0.20)
      build-essential (~> 1.4)
      openssl (~> 1.1)
    nginx (2.2.2)
      apt (~> 2.2)
      bluepill (~> 2.3)
      build-essential (~> 1.4)
      ohai (~> 1.1)
      runit (~> 1.2)
      yum (~> 3.0)
      yum-epel (>= 0.0.0)
    ohai (1.1.12)
    openssl (1.1.0)
    passenger_apache2 (2.1.2)
      apache2 (>= 1.0.4)
      build-essential (>= 0.0.0)
    postgresql (3.3.4)
      apt (>= 0.0.0)
      build-essential (>= 0.0.0)
      openssl (>= 0.0.0)
    rsyslog (1.10.2)
    runit (1.5.8)
      build-essential (>= 0.0.0)
      yum (~> 3.0)
      yum-epel (>= 0.0.0)
    rvm (0.0.4)
      apt (>= 0)
      build-essential (>= 0)
    unicorn (1.3.0)
    windows (1.12.8)
      chef_handler (>= 0.0.0)
    xfs (1.1.0)
    yum (3.0.4)
    yum-epel (0.2.0)
      yum (~> 3.0)

GIT
  remote: git://github.com/pivotal-sprout/sprout-homebrew.git
  ref: master
  sha: 25251cec3bc0325fcc2f3b6ebb5ce3d135414cca
  specs:
    sprout-homebrew (0.1.0)
      homebrew (>= 0.0.0)

GIT
  remote: git://github.com/pivotal-sprout/sprout.git
  path: osx
  ref: master
  sha: 2baedb853f3516156365f73438c27a1f4c6d7059
  specs:
    osx (0.1.0)

GIT
  remote: git://github.com/pivotal-sprout/sprout.git
  path: pivotal_workstation
  ref: master
  sha: 2baedb853f3516156365f73438c27a1f4c6d7059
  specs:
    pivotal_workstation (1.0.0)
      dmg (>= 0.0.0)
      homebrew (>= 0.0.0)
      osx (>= 0.0.0)
      sprout-osx-apps (>= 0.0.0)
      sprout-osx-base (>= 0.0.0)
      sprout-osx-settings (>= 0.0.0)
      sprout-pivotal (>= 0.0.0)

GIT
  remote: git://github.com/pivotal-sprout/sprout.git
  path: sprout-osx-apps
  ref: master
  sha: 2baedb853f3516156365f73438c27a1f4c6d7059
  specs:
    sprout-osx-apps (0.1.0)
      dmg (>= 0.0.0)
      homebrew (>= 0.0.0)
      sprout-osx-base (>= 0.0.0)
      sprout-osx-settings (>= 0.0.0)

GIT
  remote: git://github.com/pivotal-sprout/sprout.git
  path: sprout-osx-base
  ref: master
  sha: 2baedb853f3516156365f73438c27a1f4c6d7059
  specs:
    sprout-osx-base (0.1.0)

GIT
  remote: git://github.com/pivotal-sprout/sprout.git
  path: sprout-osx-git
  ref: master
  sha: 2baedb853f3516156365f73438c27a1f4c6d7059
  specs:
    sprout-osx-git (0.1.0)
      homebrew (>= 0.0.0)
      sprout-osx-base (>= 0.0.0)

GIT
  remote: git://github.com/pivotal-sprout/sprout.git
  path: sprout-osx-rbenv
  ref: master
  sha: 2baedb853f3516156365f73438c27a1f4c6d7059
  specs:
    sprout-osx-rbenv (0.1.0)
      homebrew (>= 0.0.0)
      sprout-osx-base (>= 0.0.0)

GIT
  remote: git://github.com/pivotal-sprout/sprout.git
  path: sprout-osx-rubymine
  ref: master
  sha: 2baedb853f3516156365f73438c27a1f4c6d7059
  specs:
    sprout-osx-rubymine (0.1.0)
      homebrew (>= 0.0.0)
      sprout-osx-apps (>= 0.0.0)
      sprout-osx-base (>= 0.0.0)

GIT
  remote: git://github.com/pivotal-sprout/sprout.git
  path: sprout-osx-settings
  ref: master
  sha: 2baedb853f3516156365f73438c27a1f4c6d7059
  specs:
    sprout-osx-settings (0.1.0)
      homebrew (>= 0.0.0)
      osx (>= 0.0.0)
      sprout-osx-base (>= 0.0.0)

GIT
  remote: git://github.com/pivotal-sprout/sprout.git
  path: sprout-pivotal
  ref: master
  sha: 2baedb853f3516156365f73438c27a1f4c6d7059
  specs:
    sprout-pivotal (0.1.0)
      dmg (>= 0.0.0)
      homebrew (>= 0.0.0)
      sprout-osx-base (>= 0.0.0)

GIT
  remote: git://github.com/sovolve/cookbook-neo4j-multi-server.git
  ref: master
  sha: 7b67357043ad7962b06883e215f8a275efe72c5d
  specs:
    neo4j-multi-server (1.0.0)
      java (>= 0.0.0)

GIT
  remote: git://github.com/sovolve/cookbook-rails-api.git
  path: site-cookbooks/panomira_rails_api
  ref: master
  sha: 2472f558d306a4757ab6be43e63d78e98c63a160
  specs:
    panomira_rails_api (0.1.0)
      application (>= 0.0.0)
      application_ruby (>= 0.0.0)
      database (>= 0.0.0)
      neo4j-multi-server (>= 0.0.0)
      nginx (>= 0.0.0)
      rvm (>= 0.0.0)
      ssh (>= 0.0.0)

GIT
  remote: https://github.com/markolson/chef-ssh
  ref: master
  sha: 468990595e0040ca21b90ef0e67a35b009e1e743
  specs:
    ssh (0.6.5)

PATH
  remote: /Users/alexwillemsma/Work/UndergroundWebDesigns/uwd-sprout-supplement
  specs:
    uwd-sprout-supplement (1.0.0)
      dmg (>= 0.0.0)
      homebrew (>= 0.0.0)
      homesick (>= 0.0.0)
      osx (>= 0.0.0)
      sprout-osx-apps (>= 0.0.0)
      sprout-osx-base (>= 0.0.0)
      sprout-osx-settings (>= 0.0.0)

PATH
  remote: site-cookbooks/meta
  specs:
    meta (0.1.1)
      pivotal_workstation (>= 0.0.0)
      sprout-osx-apps (>= 0.0.0)
      sprout-osx-settings (>= 0.0.0)
      sprout-pivotal (>= 0.0.0)

DEPENDENCIES
  meta (>= 0)
  neo4j-multi-server (>= 0)
  osx (>= 0)
  panomira_rails_api (>= 0)
  pivotal_workstation (>= 0)
  sprout-homebrew (>= 0)
  sprout-osx-apps (>= 0)
  sprout-osx-base (>= 0)
  sprout-osx-git (>= 0)
  sprout-osx-rbenv (>= 0)
  sprout-osx-rubymine (>= 0)
  sprout-osx-settings (>= 0)
  sprout-pivotal (>= 0)
  ssh (>= 0)
  uwd-sprout-supplement (>= 0)

